
Microsoft Visual Studio Solution File, Format Version 12.00
# Visual Studio Version 17
VisualStudioVersion = 17.4.33403.182
MinimumVisualStudioVersion = 10.0.40219.1
Project("{FAE04EC0-301F-11D3-BF4B-00C04F79EFBC}") = "SkyscannerWeatherApi", "SkyscannerWeatherApi\SkyscannerWeatherApi.csproj", "{90BD1FD3-0377-4AF0-A416-807B19EB2603}"
EndProject
Global
	GlobalSection(SolutionConfigurationPlatforms) = preSolution
		Debug|Any CPU = Debug|Any CPU
		Release|Any CPU = Release|Any CPU
	EndGlobalSection
	GlobalSection(ProjectConfigurationPlatforms) = postSolution
		{90BD1FD3-0377-4AF0-A416-807B19EB2603}.Debug|Any CPU.ActiveCfg = Debug|Any CPU
		{90BD1FD3-0377-4AF0-A416-807B19EB2603}.Debug|Any CPU.Build.0 = Debug|Any CPU
		{90BD1FD3-0377-4AF0-A416-807B19EB2603}.Release|Any CPU.ActiveCfg = Release|Any CPU
		{90BD1FD3-0377-4AF0-A416-807B19EB2603}.Release|Any CPU.Build.0 = Release|Any CPU
	EndGlobalSection
	GlobalSection(SolutionProperties) = preSolution
		HideSolutionNode = FALSE
	EndGlobalSection
	GlobalSection(ExtensibilityGlobals) = postSolution
		SolutionGuid = {26CDBE5F-0AC2-4602-AB1D-CCA2DB8158A0}
	EndGlobalSection
EndGlobal
